
Microsoft Visual Studio Solution File, Format Version 12.00
# Visual Studio Version 17
VisualStudioVersion = 17.8.34525.116
MinimumVisualStudioVersion = 10.0.40219.1
Project("{FAE04EC0-301F-11D3-BF4B-00C04F79EFBC}") = "TerminalChatGPT", "TerminalChatGPT\TerminalChatGPT.csproj", "{7D911A7F-6C83-4A97-A488-B1E6F656710E}"
EndProject
Global
	GlobalSection(SolutionConfigurationPlatforms) = preSolution
		Debug|Any CPU = Debug|Any CPU
		Release|Any CPU = Release|Any CPU
	EndGlobalSection
	GlobalSection(ProjectConfigurationPlatforms) = postSolution
		{7D911A7F-6C83-4A97-A488-B1E6F656710E}.Debug|Any CPU.ActiveCfg = Debug|Any CPU
		{7D911A7F-6C83-4A97-A488-B1E6F656710E}.Debug|Any CPU.Build.0 = Debug|Any CPU
		{7D911A7F-6C83-4A97-A488-B1E6F656710E}.Release|Any CPU.ActiveCfg = Release|Any CPU
		{7D911A7F-6C83-4A97-A488-B1E6F656710E}.Release|Any CPU.Build.0 = Release|Any CPU
	EndGlobalSection
	GlobalSection(SolutionProperties) = preSolution
		HideSolutionNode = FALSE
	EndGlobalSection
	GlobalSection(ExtensibilityGlobals) = postSolution
		SolutionGuid = {A1D9B05B-C0DE-4BB4-8D0E-3F3741FD2E0D}
	EndGlobalSection
EndGlobal
