
Microsoft Visual Studio Solution File, Format Version 12.00
# Visual Studio Version 17
VisualStudioVersion = 17.8.34525.116
MinimumVisualStudioVersion = 10.0.40219.1
Project("{FAE04EC0-301F-11D3-BF4B-00C04F79EFBC}") = "NativeFunctionDemo", "NativeFunctionDemo\NativeFunctionDemo.csproj", "{BD3C1B66-B26E-4E99-AB91-0905212C45A6}"
EndProject
Global
	GlobalSection(SolutionConfigurationPlatforms) = preSolution
		Debug|Any CPU = Debug|Any CPU
		Release|Any CPU = Release|Any CPU
	EndGlobalSection
	GlobalSection(ProjectConfigurationPlatforms) = postSolution
		{BD3C1B66-B26E-4E99-AB91-0905212C45A6}.Debug|Any CPU.ActiveCfg = Debug|Any CPU
		{BD3C1B66-B26E-4E99-AB91-0905212C45A6}.Debug|Any CPU.Build.0 = Debug|Any CPU
		{BD3C1B66-B26E-4E99-AB91-0905212C45A6}.Release|Any CPU.ActiveCfg = Release|Any CPU
		{BD3C1B66-B26E-4E99-AB91-0905212C45A6}.Release|Any CPU.Build.0 = Release|Any CPU
	EndGlobalSection
	GlobalSection(SolutionProperties) = preSolution
		HideSolutionNode = FALSE
	EndGlobalSection
	GlobalSection(ExtensibilityGlobals) = postSolution
		SolutionGuid = {FF639C68-F441-41E0-858D-865D1A924BDA}
	EndGlobalSection
EndGlobal
