
Microsoft Visual Studio Solution File, Format Version 12.00
# Visual Studio Version 17
VisualStudioVersion = 17.8.34525.116
MinimumVisualStudioVersion = 10.0.40219.1
Project("{FAE04EC0-301F-11D3-BF4B-00C04F79EFBC}") = "NL2SQL.Terminal", "NL2SQL.Terminal\NL2SQL.Terminal.csproj", "{A78B5D28-0F52-4E85-A935-E85365F030A7}"
EndProject
Project("{FAE04EC0-301F-11D3-BF4B-00C04F79EFBC}") = "NL2SQL.Infra", "NL2SQL.Infra\NL2SQL.Infra.csproj", "{7D26F379-2212-4BC5-A128-90D93981491A}"
EndProject
Global
	GlobalSection(SolutionConfigurationPlatforms) = preSolution
		Debug|Any CPU = Debug|Any CPU
		Release|Any CPU = Release|Any CPU
	EndGlobalSection
	GlobalSection(ProjectConfigurationPlatforms) = postSolution
		{A78B5D28-0F52-4E85-A935-E85365F030A7}.Debug|Any CPU.ActiveCfg = Debug|Any CPU
		{A78B5D28-0F52-4E85-A935-E85365F030A7}.Debug|Any CPU.Build.0 = Debug|Any CPU
		{A78B5D28-0F52-4E85-A935-E85365F030A7}.Release|Any CPU.ActiveCfg = Release|Any CPU
		{A78B5D28-0F52-4E85-A935-E85365F030A7}.Release|Any CPU.Build.0 = Release|Any CPU
		{7D26F379-2212-4BC5-A128-90D93981491A}.Debug|Any CPU.ActiveCfg = Debug|Any CPU
		{7D26F379-2212-4BC5-A128-90D93981491A}.Debug|Any CPU.Build.0 = Debug|Any CPU
		{7D26F379-2212-4BC5-A128-90D93981491A}.Release|Any CPU.ActiveCfg = Release|Any CPU
		{7D26F379-2212-4BC5-A128-90D93981491A}.Release|Any CPU.Build.0 = Release|Any CPU
	EndGlobalSection
	GlobalSection(SolutionProperties) = preSolution
		HideSolutionNode = FALSE
	EndGlobalSection
	GlobalSection(ExtensibilityGlobals) = postSolution
		SolutionGuid = {7991BD00-5650-4CD7-AE60-FC863CF4CF6D}
	EndGlobalSection
EndGlobal
